// !$*UTF8*$!
{
	archiveVersion = 1;
	classes = {
	};
	objectVersion = 46;
	objects = {

/* Begin PBXBuildFile section */
		748C4DA61A6D4D5A00360BD6 /* main.m in Sources */ = {isa = PBXBuildFile; fileRef = 748C4DA51A6D4D5A00360BD6 /* main.m */; };
		748C4DA91A6D4D5A00360BD6 /* AppDelegate.m in Sources */ = {isa = PBXBuildFile; fileRef = 748C4DA81A6D4D5A00360BD6 /* AppDelegate.m */; };
		748C4DAC1A6D4D5A00360BD6 /* KbViewController.m in Sources */ = {isa = PBXBuildFile; fileRef = 748C4DAB1A6D4D5A00360BD6 /* KbViewController.m */; };
		748C4DAF1A6D4D5A00360BD6 /* Main.storyboard in Resources */ = {isa = PBXBuildFile; fileRef = 748C4DAD1A6D4D5A00360BD6 /* Main.storyboard */; };
		748C4DB11A6D4D5A00360BD6 /* Images.xcassets in Resources */ = {isa = PBXBuildFile; fileRef = 748C4DB01A6D4D5A00360BD6 /* Images.xcassets */; };
		748C4DB41A6D4D5A00360BD6 /* LaunchScreen.xib in Resources */ = {isa = PBXBuildFile; fileRef = 748C4DB21A6D4D5A00360BD6 /* LaunchScreen.xib */; };
		748C4DC01A6D4D5A00360BD6 /* MLKMenuPopover_ExtendTests.m in Sources */ = {isa = PBXBuildFile; fileRef = 748C4DBF1A6D4D5A00360BD6 /* MLKMenuPopover_ExtendTests.m */; };
		748C4DCC1A6D4D7F00360BD6 /* PopMenuView.m in Sources */ = {isa = PBXBuildFile; fileRef = 748C4DCB1A6D4D7F00360BD6 /* PopMenuView.m */; };
/* End PBXBuildFile section */

/* Begin PBXContainerItemProxy section */
		748C4DBA1A6D4D5A00360BD6 /* PBXContainerItemProxy */ = {
			isa = PBXContainerItemProxy;
			containerPortal = 748C4D981A6D4D5A00360BD6 /* Project object */;
			proxyType = 1;
			remoteGlobalIDString = 748C4D9F1A6D4D5A00360BD6;
			remoteInfo = MLKMenuPopover_Extend;
		};
/* End PBXContainerItemProxy section */

/* Begin PBXFileReference section */
		748C4DA01A6D4D5A00360BD6 /* MLKMenuPopover_Extend.app */ = {isa = PBXFileReference; explicitFileType = wrapper.application; includeInIndex = 0; path = MLKMenuPopover_Extend.app; sourceTree = BUILT_PRODUCTS_DIR; };
		748C4DA41A6D4D5A00360BD6 /* Info.plist */ = {isa = PBXFileReference; lastKnownFileType = text.plist.xml; path = Info.plist; sourceTree = "<group>"; };
		748C4DA51A6D4D5A00360BD6 /* main.m */ = {isa = PBXFileReference; lastKnownFileType = sourcecode.c.objc; path = main.m; sourceTree = "<group>"; };
		748C4DA71A6D4D5A00360BD6 /* AppDelegate.h */ = {isa = PBXFileReference; lastKnownFileType = sourcecode.c.h; path = AppDelegate.h; sourceTree = "<group>"; };
		748C4DA81A6D4D5A00360BD6 /* AppDelegate.m */ = {isa = PBXFileReference; lastKnownFileType = sourcecode.c.objc; path = AppDelegate.m; sourceTree = "<group>"; };
		748C4DAA1A6D4D5A00360BD6 /* KbViewController.h */ = {isa = PBXFileReference; lastKnownFileType = sourcecode.c.h; path = KbViewController.h; sourceTree = "<group>"; };
		748C4DAB1A6D4D5A00360BD6 /* KbViewController.m */ = {isa = PBXFileReference; lastKnownFileType = sourcecode.c.objc; path = KbViewController.m; sourceTree = "<group>"; };
		748C4DAE1A6D4D5A00360BD6 /* Base */ = {isa = PBXFileReference; lastKnownFileType = file.storyboard; name = Base; path = Base.lproj/Main.storyboard; sourceTree = "<group>"; };
		748C4DB01A6D4D5A00360BD6 /* Images.xcassets */ = {isa = PBXFileReference; lastKnownFileType = folder.assetcatalog; path = Images.xcassets; sourceTree = "<group>"; };
		748C4DB31A6D4D5A00360BD6 /* Base */ = {isa = PBXFileReference; lastKnownFileType = file.xib; name = Base; path = Base.lproj/LaunchScreen.xib; sourceTree = "<group>"; };
		748C4DB91A6D4D5A00360BD6 /* MLKMenuPopover_ExtendTests.xctest */ = {isa = PBXFileReference; explicitFileType = wrapper.cfbundle; includeInIndex = 0; path = MLKMenuPopover_ExtendTests.xctest; sourceTree = BUILT_PRODUCTS_DIR; };
		748C4DBE1A6D4D5A00360BD6 /* Info.plist */ = {isa = PBXFileReference; lastKnownFileType = text.plist.xml; path = Info.plist; sourceTree = "<group>"; };
		748C4DBF1A6D4D5A00360BD6 /* MLKMenuPopover_ExtendTests.m */ = {isa = PBXFileReference; lastKnownFileType = sourcecode.c.objc; path = MLKMenuPopover_ExtendTests.m; sourceTree = "<group>"; };
		748C4DCA1A6D4D7F00360BD6 /* PopMenuView.h */ = {isa = PBXFileReference; fileEncoding = 4; lastKnownFileType = sourcecode.c.h; path = PopMenuView.h; sourceTree = "<group>"; };
		748C4DCB1A6D4D7F00360BD6 /* PopMenuView.m */ = {isa = PBXFileReference; fileEncoding = 4; lastKnownFileType = sourcecode.c.objc; path = PopMenuView.m; sourceTree = "<group>"; };
/* End PBXFileReference section */

/* Begin PBXFrameworksBuildPhase section */
		748C4D9D1A6D4D5A00360BD6 /* Frameworks */ = {
			isa = PBXFrameworksBuildPhase;
			buildActionMask = 2147483647;
			files = (
			);
			runOnlyForDeploymentPostprocessing = 0;
		};
		748C4DB61A6D4D5A00360BD6 /* Frameworks */ = {
			isa = PBXFrameworksBuildPhase;
			buildActionMask = 2147483647;
			files = (
			);
			runOnlyForDeploymentPostprocessing = 0;
		};
/* End PBXFrameworksBuildPhase section */

/* Begin PBXGroup section */
		748C4D971A6D4D5A00360BD6 = {
			isa = PBXGroup;
			children = (
				748C4DA21A6D4D5A00360BD6 /* MLKMenuPopover_Extend */,
				748C4DBC1A6D4D5A00360BD6 /* MLKMenuPopover_ExtendTests */,
				748C4DA11A6D4D5A00360BD6 /* Products */,
			);
			sourceTree = "<group>";
		};
		748C4DA11A6D4D5A00360BD6 /* Products */ = {
			isa = PBXGroup;
			children = (
				748C4DA01A6D4D5A00360BD6 /* MLKMenuPopover_Extend.app */,
				748C4DB91A6D4D5A00360BD6 /* MLKMenuPopover_ExtendTests.xctest */,
			);
			name = Products;
			sourceTree = "<group>";
		};
		748C4DA21A6D4D5A00360BD6 /* MLKMenuPopover_Extend */ = {
			isa = PBXGroup;
			children = (
				748C4DC91A6D4D7F00360BD6 /* PopMenuView */,
				748C4DA71A6D4D5A00360BD6 /* AppDelegate.h */,
				748C4DA81A6D4D5A00360BD6 /* AppDelegate.m */,
				748C4DAA1A6D4D5A00360BD6 /* KbViewController.h */,
				748C4DAB1A6D4D5A00360BD6 /* KbViewController.m */,
				748C4DAD1A6D4D5A00360BD6 /* Main.storyboard */,
				748C4DB01A6D4D5A00360BD6 /* Images.xcassets */,
				748C4DB21A6D4D5A00360BD6 /* LaunchScreen.xib */,
				748C4DA31A6D4D5A00360BD6 /* Supporting Files */,
			);
			path = MLKMenuPopover_Extend;
			sourceTree = "<group>";
		};
		748C4DA31A6D4D5A00360BD6 /* Supporting Files */ = {
			isa = PBXGroup;
			children = (
				748C4DA41A6D4D5A00360BD6 /* Info.plist */,
				748C4DA51A6D4D5A00360BD6 /* main.m */,
			);
			name = "Supporting Files";
			sourceTree = "<group>";
		};
		748C4DBC1A6D4D5A00360BD6 /* MLKMenuPopover_ExtendTests */ = {
			isa = PBXGroup;
			children = (
				748C4DBF1A6D4D5A00360BD6 /* MLKMenuPopover_ExtendTests.m */,
				748C4DBD1A6D4D5A00360BD6 /* Supporting Files */,
			);
			path = MLKMenuPopover_ExtendTests;
			sourceTree = "<group>";
		};
		748C4DBD1A6D4D5A00360BD6 /* Supporting Files */ = {
			isa = PBXGroup;
			children = (
				748C4DBE1A6D4D5A00360BD6 /* Info.plist */,
			);
			name = "Supporting Files";
			sourceTree = "<group>";
		};
		748C4DC91A6D4D7F00360BD6 /* PopMenuView */ = {
			isa = PBXGroup;
			children = (
				748C4DCA1A6D4D7F00360BD6 /* PopMenuView.h */,
				748C4DCB1A6D4D7F00360BD6 /* PopMenuView.m */,
			);
			name = PopMenuView;
			path = MenuPopover;
			sourceTree = "<group>";
		};
/* End PBXGroup section */

/* Begin PBXNativeTarget section */
		748C4D9F1A6D4D5A00360BD6 /* MLKMenuPopover_Extend */ = {
			isa = PBXNativeTarget;
			buildConfigurationList = 748C4DC31A6D4D5A00360BD6 /* Build configuration list for PBXNativeTarget "MLKMenuPopover_Extend" */;
			buildPhases = (
				748C4D9C1A6D4D5A00360BD6 /* Sources */,
				748C4D9D1A6D4D5A00360BD6 /* Frameworks */,
				748C4D9E1A6D4D5A00360BD6 /* Resources */,
			);
			buildRules = (
			);
			dependencies = (
			);
			name = MLKMenuPopover_Extend;
			productName = MLKMenuPopover_Extend;
			productReference = 748C4DA01A6D4D5A00360BD6 /* MLKMenuPopover_Extend.app */;
			productType = "com.apple.product-type.application";
		};
		748C4DB81A6D4D5A00360BD6 /* MLKMenuPopover_ExtendTests */ = {
			isa = PBXNativeTarget;
			buildConfigurationList = 748C4DC61A6D4D5A00360BD6 /* Build configuration list for PBXNativeTarget "MLKMenuPopover_ExtendTests" */;
			buildPhases = (
				748C4DB51A6D4D5A00360BD6 /* Sources */,
				748C4DB61A6D4D5A00360BD6 /* Frameworks */,
				748C4DB71A6D4D5A00360BD6 /* Resources */,
			);
			buildRules = (
			);
			dependencies = (
				748C4DBB1A6D4D5A00360BD6 /* PBXTargetDependency */,
			);
			name = MLKMenuPopover_ExtendTests;
			productName = MLKMenuPopover_ExtendTests;
			productReference = 748C4DB91A6D4D5A00360BD6 /* MLKMenuPopover_ExtendTests.xctest */;
			productType = "com.apple.product-type.bundle.unit-test";
		};
/* End PBXNativeTarget section */

/* Begin PBXProject section */
		748C4D981A6D4D5A00360BD6 /* Project object */ = {
			isa = PBXProject;
			attributes = {
				LastUpgradeCheck = 0610;
				ORGANIZATIONNAME = LINYC;
				TargetAttributes = {
					748C4D9F1A6D4D5A00360BD6 = {
						CreatedOnToolsVersion = 6.1.1;
					};
					748C4DB81A6D4D5A00360BD6 = {
						CreatedOnToolsVersion = 6.1.1;
						TestTargetID = 748C4D9F1A6D4D5A00360BD6;
					};
				};
			};
			buildConfigurationList = 748C4D9B1A6D4D5A00360BD6 /* Build configuration list for PBXProject "MLKMenuPopover_Extend" */;
			compatibilityVersion = "Xcode 3.2";
			developmentRegion = English;
			hasScannedForEncodings = 0;
			knownRegions = (
				en,
				Base,
			);
			mainGroup = 748C4D971A6D4D5A00360BD6;
			productRefGroup = 748C4DA11A6D4D5A00360BD6 /* Products */;
			projectDirPath = "";
			projectRoot = "";
			targets = (
				748C4D9F1A6D4D5A00360BD6 /* MLKMenuPopover_Extend */,
				748C4DB81A6D4D5A00360BD6 /* MLKMenuPopover_ExtendTests */,
			);
		};
/* End PBXProject section */

/* Begin PBXResourcesBuildPhase section */
		748C4D9E1A6D4D5A00360BD6 /* Resources */ = {
			isa = PBXResourcesBuildPhase;
			buildActionMask = 2147483647;
			files = (
				748C4DAF1A6D4D5A00360BD6 /* Main.storyboard in Resources */,
				748C4DB41A6D4D5A00360BD6 /* LaunchScreen.xib in Resources */,
				748C4DB11A6D4D5A00360BD6 /* Images.xcassets in Resources */,
			);
			runOnlyForDeploymentPostprocessing = 0;
		};
		748C4DB71A6D4D5A00360BD6 /* Resources */ = {
			isa = PBXResourcesBuildPhase;
			buildActionMask = 2147483647;
			files = (
			);
			runOnlyForDeploymentPostprocessing = 0;
		};
/* End PBXResourcesBuildPhase section */

/* Begin PBXSourcesBuildPhase section */
		748C4D9C1A6D4D5A00360BD6 /* Sources */ = {
			isa = PBXSourcesBuildPhase;
			buildActionMask = 2147483647;
			files = (
				748C4DAC1A6D4D5A00360BD6 /* KbViewController.m in Sources */,
				748C4DA91A6D4D5A00360BD6 /* AppDelegate.m in Sources */,
				748C4DA61A6D4D5A00360BD6 /* main.m in Sources */,
				748C4DCC1A6D4D7F00360BD6 /* PopMenuView.m in Sources */,
			);
			runOnlyForDeploymentPostprocessing = 0;
		};
		748C4DB51A6D4D5A00360BD6 /* Sources */ = {
			isa = PBXSourcesBuildPhase;
			buildActionMask = 2147483647;
			files = (
				748C4DC01A6D4D5A00360BD6 /* MLKMenuPopover_ExtendTests.m in Sources */,
			);
			runOnlyForDeploymentPostprocessing = 0;
		};
/* End PBXSourcesBuildPhase section */

/* Begin PBXTargetDependency section */
		748C4DBB1A6D4D5A00360BD6 /* PBXTargetDependency */ = {
			isa = PBXTargetDependency;
			target = 748C4D9F1A6D4D5A00360BD6 /* MLKMenuPopover_Extend */;
			targetProxy = 748C4DBA1A6D4D5A00360BD6 /* PBXContainerItemProxy */;
		};
/* End PBXTargetDependency section */

/* Begin PBXVariantGroup section */
		748C4DAD1A6D4D5A00360BD6 /* Main.storyboard */ = {
			isa = PBXVariantGroup;
			children = (
				748C4DAE1A6D4D5A00360BD6 /* Base */,
			);
			name = Main.storyboard;
			sourceTree = "<group>";
		};
		748C4DB21A6D4D5A00360BD6 /* LaunchScreen.xib */ = {
			isa = PBXVariantGroup;
			children = (
				748C4DB31A6D4D5A00360BD6 /* Base */,
			);
			name = LaunchScreen.xib;
			sourceTree = "<group>";
		};
/* End PBXVariantGroup section */

/* Begin XCBuildConfiguration section */
		748C4DC11A6D4D5A00360BD6 /* Debug */ = {
			isa = XCBuildConfiguration;
			buildSettings = {
				ALWAYS_SEARCH_USER_PATHS = NO;
				CLANG_CXX_LANGUAGE_STANDARD = "gnu++0x";
				CLANG_CXX_LIBRARY = "libc++";
				CLANG_ENABLE_MODULES = YES;
				CLANG_ENABLE_OBJC_ARC = YES;
				CLANG_WARN_BOOL_CONVERSION = YES;
				CLANG_WARN_CONSTANT_CONVERSION = YES;
				CLANG_WARN_DIRECT_OBJC_ISA_USAGE = YES_ERROR;
				CLANG_WARN_EMPTY_BODY = YES;
				CLANG_WARN_ENUM_CONVERSION = YES;
				CLANG_WARN_INT_CONVERSION = YES;
				CLANG_WARN_OBJC_ROOT_CLASS = YES_ERROR;
				CLANG_WARN_UNREACHABLE_CODE = YES;
				CLANG_WARN__DUPLICATE_METHOD_MATCH = YES;
				"CODE_SIGN_IDENTITY[sdk=iphoneos*]" = "iPhone Developer";
				COPY_PHASE_STRIP = NO;
				ENABLE_STRICT_OBJC_MSGSEND = YES;
				GCC_C_LANGUAGE_STANDARD = gnu99;
				GCC_DYNAMIC_NO_PIC = NO;
				GCC_OPTIMIZATION_LEVEL = 0;
				GCC_PREPROCESSOR_DEFINITIONS = (
					"DEBUG=1",
					"$(inherited)",
				);
				GCC_SYMBOLS_PRIVATE_EXTERN = NO;
				GCC_WARN_64_TO_32_BIT_CONVERSION = YES;
				GCC_WARN_ABOUT_RETURN_TYPE = YES_ERROR;
				GCC_WARN_UNDECLARED_SELECTOR = YES;
				GCC_WARN_UNINITIALIZED_AUTOS = YES_AGGRESSIVE;
				GCC_WARN_UNUSED_FUNCTION = YES;
				GCC_WARN_UNUSED_VARIABLE = YES;
				IPHONEOS_DEPLOYMENT_TARGET = 8.1;
				MTL_ENABLE_DEBUG_INFO = YES;
				ONLY_ACTIVE_ARCH = YES;
				SDKROOT = iphoneos;
				TARGETED_DEVICE_FAMILY = "1,2";
			};
			name = Debug;
		};
		748C4DC21A6D4D5A00360BD6 /* Release */ = {
			isa = XCBuildConfiguration;
			buildSettings = {
				ALWAYS_SEARCH_USER_PATHS = NO;
				CLANG_CXX_LANGUAGE_STANDARD = "gnu++0x";
				CLANG_CXX_LIBRARY = "libc++";
				CLANG_ENABLE_MODULES = YES;
				CLANG_ENABLE_OBJC_ARC = YES;
				CLANG_WARN_BOOL_CONVERSION = YES;
				CLANG_WARN_CONSTANT_CONVERSION = YES;
				CLANG_WARN_DIRECT_OBJC_ISA_USAGE = YES_ERROR;
				CLANG_WARN_EMPTY_BODY = YES;
				CLANG_WARN_ENUM_CONVERSION = YES;
				CLANG_WARN_INT_CONVERSION = YES;
				CLANG_WARN_OBJC_ROOT_CLASS = YES_ERROR;
				CLANG_WARN_UNREACHABLE_CODE = YES;
				CLANG_WARN__DUPLICATE_METHOD_MATCH = YES;
				"CODE_SIGN_IDENTITY[sdk=iphoneos*]" = "iPhone Developer";
				COPY_PHASE_STRIP = YES;
				ENABLE_NS_ASSERTIONS = NO;
				ENABLE_STRICT_OBJC_MSGSEND = YES;
				GCC_C_LANGUAGE_STANDARD = gnu99;
				GCC_WARN_64_TO_32_BIT_CONVERSION = YES;
				GCC_WARN_ABOUT_RETURN_TYPE = YES_ERROR;
				GCC_WARN_UNDECLARED_SELECTOR = YES;
				GCC_WARN_UNINITIALIZED_AUTOS = YES_AGGRESSIVE;
				GCC_WARN_UNUSED_FUNCTION = YES;
				GCC_WARN_UNUSED_VARIABLE = YES;
				IPHONEOS_DEPLOYMENT_TARGET = 8.1;
				MTL_ENABLE_DEBUG_INFO = NO;
				SDKROOT = iphoneos;
				TARGETED_DEVICE_FAMILY = "1,2";
				VALIDATE_PRODUCT = YES;
			};
			name = Release;
		};
		748C4DC41A6D4D5A00360BD6 /* Debug */ = {
			isa = XCBuildConfiguration;
			buildSettings = {
				ASSETCATALOG_COMPILER_APPICON_NAME = AppIcon;
				INFOPLIST_FILE = MLKMenuPopover_Extend/Info.plist;
				LD_RUNPATH_SEARCH_PATHS = "$(inherited) @executable_path/Frameworks";
				PRODUCT_NAME = "$(TARGET_NAME)";
			};
			name = Debug;
		};
		748C4DC51A6D4D5A00360BD6 /* Release */ = {
			isa = XCBuildConfiguration;
			buildSettings = {
				ASSETCATALOG_COMPILER_APPICON_NAME = AppIcon;
				INFOPLIST_FILE = MLKMenuPopover_Extend/Info.plist;
				LD_RUNPATH_SEARCH_PATHS = "$(inherited) @executable_path/Frameworks";
				PRODUCT_NAME = "$(TARGET_NAME)";
			};
			name = Release;
		};
		748C4DC71A6D4D5A00360BD6 /* Debug */ = {
			isa = XCBuildConfiguration;
			buildSettings = {
				BUNDLE_LOADER = "$(TEST_HOST)";
				FRAMEWORK_SEARCH_PATHS = (
					"$(SDKROOT)/Developer/Library/Frameworks",
					"$(inherited)",
				);
				GCC_PREPROCESSOR_DEFINITIONS = (
					"DEBUG=1",
					"$(inherited)",
				);
				INFOPLIST_FILE = MLKMenuPopover_ExtendTests/Info.plist;
				LD_RUNPATH_SEARCH_PATHS = "$(inherited) @executable_path/Frameworks @loader_path/Frameworks";
				PRODUCT_NAME = "$(TARGET_NAME)";
				TEST_HOST = "$(BUILT_PRODUCTS_DIR)/MLKMenuPopover_Extend.app/MLKMenuPopover_Extend";
			};
			name = Debug;
		};
		748C4DC81A6D4D5A00360BD6 /* Release */ = {
			isa = XCBuildConfiguration;
			buildSettings = {
				BUNDLE_LOADER = "$(TEST_HOST)";
				FRAMEWORK_SEARCH_PATHS = (
					"$(SDKROOT)/Developer/Library/Frameworks",
					"$(inherited)",
				);
				INFOPLIST_FILE = MLKMenuPopover_ExtendTests/Info.plist;
				LD_RUNPATH_SEARCH_PATHS = "$(inherited) @executable_path/Frameworks @loader_path/Frameworks";
				PRODUCT_NAME = "$(TARGET_NAME)";
				TEST_HOST = "$(BUILT_PRODUCTS_DIR)/MLKMenuPopover_Extend.app/MLKMenuPopover_Extend";
			};
			name = Release;
		};
/* End XCBuildConfiguration section */

/* Begin XCConfigurationList section */
		748C4D9B1A6D4D5A00360BD6 /* Build configuration list for PBXProject "MLKMenuPopover_Extend" */ = {
			isa = XCConfigurationList;
			buildConfigurations = (
				748C4DC11A6D4D5A00360BD6 /* Debug */,
				748C4DC21A6D4D5A00360BD6 /* Release */,
			);
			defaultConfigurationIsVisible = 0;
			defaultConfigurationName = Release;
		};
		748C4DC31A6D4D5A00360BD6 /* Build configuration list for PBXNativeTarget "MLKMenuPopover_Extend" */ = {
			isa = XCConfigurationList;
			buildConfigurations = (
				748C4DC41A6D4D5A00360BD6 /* Debug */,
				748C4DC51A6D4D5A00360BD6 /* Release */,
			);
			defaultConfigurationIsVisible = 0;
			defaultConfigurationName = Release;
		};
		748C4DC61A6D4D5A00360BD6 /* Build configuration list for PBXNativeTarget "MLKMenuPopover_ExtendTests" */ = {
			isa = XCConfigurationList;
			buildConfigurations = (
				748C4DC71A6D4D5A00360BD6 /* Debug */,
				748C4DC81A6D4D5A00360BD6 /* Release */,
			);
			defaultConfigurationIsVisible = 0;
			defaultConfigurationName = Release;
		};
/* End XCConfigurationList section */
	};
	rootObject = 748C4D981A6D4D5A00360BD6 /* Project object */;
}
